
Microsoft Visual Studio Solution File, Format Version 12.00
# Visual Studio Version 17
VisualStudioVersion = 17.8.34511.84
MinimumVisualStudioVersion = 10.0.40219.1
Project("{9A19103F-16F7-4668-BE54-9A1E7A4F7556}") = "SyntaxBackEnd", "SyntaxBackend\SyntaxBackEnd.csproj", "{D2B4A82C-BA31-4A2B-B85D-6F57CAAE798D}"
EndProject
Project("{9A19103F-16F7-4668-BE54-9A1E7A4F7556}") = "AuthAPI", "AuthAPI\AuthAPI.csproj", "{7D3B089F-BAE1-419A-9E40-833E7790C500}"
EndProject
Project("{9A19103F-16F7-4668-BE54-9A1E7A4F7556}") = "Mivan", "C:\Users\Viktor\source\repos\Mivan\Mivan\Mivan.csproj", "{0F4D3C59-5669-48DA-A1B2-4CCFC654E6AD}"
EndProject
Project("{FAE04EC0-301F-11D3-BF4B-00C04F79EFBC}") = "WebApplication1", "WebApplication1\WebApplication1.csproj", "{500C47B4-B5D9-450C-9326-7A2BF7709428}"
EndProject
Global
	GlobalSection(SolutionConfigurationPlatforms) = preSolution
		Debug|Any CPU = Debug|Any CPU
		Release|Any CPU = Release|Any CPU
	EndGlobalSection
	GlobalSection(ProjectConfigurationPlatforms) = postSolution
		{D2B4A82C-BA31-4A2B-B85D-6F57CAAE798D}.Debug|Any CPU.ActiveCfg = Debug|Any CPU
		{D2B4A82C-BA31-4A2B-B85D-6F57CAAE798D}.Debug|Any CPU.Build.0 = Debug|Any CPU
		{D2B4A82C-BA31-4A2B-B85D-6F57CAAE798D}.Release|Any CPU.ActiveCfg = Release|Any CPU
		{D2B4A82C-BA31-4A2B-B85D-6F57CAAE798D}.Release|Any CPU.Build.0 = Release|Any CPU
		{7D3B089F-BAE1-419A-9E40-833E7790C500}.Debug|Any CPU.ActiveCfg = Debug|Any CPU
		{7D3B089F-BAE1-419A-9E40-833E7790C500}.Debug|Any CPU.Build.0 = Debug|Any CPU
		{7D3B089F-BAE1-419A-9E40-833E7790C500}.Release|Any CPU.ActiveCfg = Release|Any CPU
		{7D3B089F-BAE1-419A-9E40-833E7790C500}.Release|Any CPU.Build.0 = Release|Any CPU
		{0F4D3C59-5669-48DA-A1B2-4CCFC654E6AD}.Debug|Any CPU.ActiveCfg = Debug|Any CPU
		{0F4D3C59-5669-48DA-A1B2-4CCFC654E6AD}.Debug|Any CPU.Build.0 = Debug|Any CPU
		{0F4D3C59-5669-48DA-A1B2-4CCFC654E6AD}.Release|Any CPU.ActiveCfg = Release|Any CPU
		{0F4D3C59-5669-48DA-A1B2-4CCFC654E6AD}.Release|Any CPU.Build.0 = Release|Any CPU
		{500C47B4-B5D9-450C-9326-7A2BF7709428}.Debug|Any CPU.ActiveCfg = Debug|Any CPU
		{500C47B4-B5D9-450C-9326-7A2BF7709428}.Debug|Any CPU.Build.0 = Debug|Any CPU
		{500C47B4-B5D9-450C-9326-7A2BF7709428}.Release|Any CPU.ActiveCfg = Release|Any CPU
		{500C47B4-B5D9-450C-9326-7A2BF7709428}.Release|Any CPU.Build.0 = Release|Any CPU
	EndGlobalSection
	GlobalSection(SolutionProperties) = preSolution
		HideSolutionNode = FALSE
	EndGlobalSection
	GlobalSection(ExtensibilityGlobals) = postSolution
		SolutionGuid = {ED22A4B3-127D-4A19-82E7-BD2C266A6D89}
	EndGlobalSection
EndGlobal
